// !$*UTF8*$!
{
	archiveVersion = 1;
	classes = {
	};
	objectVersion = 46;
	objects = {

/* Begin PBXBuildFile section */
		9A95D62C1C61BCC700A14DE4 /* AppDelegate.swift in Sources */ = {isa = PBXBuildFile; fileRef = 9A95D62B1C61BCC700A14DE4 /* AppDelegate.swift */; };
		9A95D62E1C61BCC700A14DE4 /* tiendaMazda.swift in Sources */ = {isa = PBXBuildFile; fileRef = 9A95D62D1C61BCC700A14DE4 /* tiendaMazda.swift */; };
		9A95D6311C61BCC700A14DE4 /* Main.storyboard in Resources */ = {isa = PBXBuildFile; fileRef = 9A95D62F1C61BCC700A14DE4 /* Main.storyboard */; };
		9A95D6331C61BCC700A14DE4 /* Assets.xcassets in Resources */ = {isa = PBXBuildFile; fileRef = 9A95D6321C61BCC700A14DE4 /* Assets.xcassets */; };
		9A95D6361C61BCC700A14DE4 /* LaunchScreen.storyboard in Resources */ = {isa = PBXBuildFile; fileRef = 9A95D6341C61BCC700A14DE4 /* LaunchScreen.storyboard */; };
		9A95D63E1C61C2CE00A14DE4 /* moldeMazda3.swift in Sources */ = {isa = PBXBuildFile; fileRef = 9A95D63D1C61C2CE00A14DE4 /* moldeMazda3.swift */; };
		9A95D6401C61D11600A14DE4 /* moldeMazda3Mini.swift in Sources */ = {isa = PBXBuildFile; fileRef = 9A95D63F1C61D11600A14DE4 /* moldeMazda3Mini.swift */; };
/* End PBXBuildFile section */

/* Begin PBXFileReference section */
		9A95D6281C61BCC700A14DE4 /* Tienda Mazda.app */ = {isa = PBXFileReference; explicitFileType = wrapper.application; includeInIndex = 0; path = "Tienda Mazda.app"; sourceTree = BUILT_PRODUCTS_DIR; };
		9A95D62B1C61BCC700A14DE4 /* AppDelegate.swift */ = {isa = PBXFileReference; lastKnownFileType = sourcecode.swift; path = AppDelegate.swift; sourceTree = "<group>"; };
		9A95D62D1C61BCC700A14DE4 /* tiendaMazda.swift */ = {isa = PBXFileReference; lastKnownFileType = sourcecode.swift; path = tiendaMazda.swift; sourceTree = "<group>"; };
		9A95D6301C61BCC700A14DE4 /* Base */ = {isa = PBXFileReference; lastKnownFileType = file.storyboard; name = Base; path = Base.lproj/Main.storyboard; sourceTree = "<group>"; };
		9A95D6321C61BCC700A14DE4 /* Assets.xcassets */ = {isa = PBXFileReference; lastKnownFileType = folder.assetcatalog; path = Assets.xcassets; sourceTree = "<group>"; };
		9A95D6351C61BCC700A14DE4 /* Base */ = {isa = PBXFileReference; lastKnownFileType = file.storyboard; name = Base; path = Base.lproj/LaunchScreen.storyboard; sourceTree = "<group>"; };
		9A95D6371C61BCC700A14DE4 /* Info.plist */ = {isa = PBXFileReference; lastKnownFileType = text.plist.xml; path = Info.plist; sourceTree = "<group>"; };
		9A95D63D1C61C2CE00A14DE4 /* moldeMazda3.swift */ = {isa = PBXFileReference; fileEncoding = 4; lastKnownFileType = sourcecode.swift; path = moldeMazda3.swift; sourceTree = "<group>"; };
		9A95D63F1C61D11600A14DE4 /* moldeMazda3Mini.swift */ = {isa = PBXFileReference; fileEncoding = 4; lastKnownFileType = sourcecode.swift; path = moldeMazda3Mini.swift; sourceTree = "<group>"; };
/* End PBXFileReference section */

/* Begin PBXFrameworksBuildPhase section */
		9A95D6251C61BCC700A14DE4 /* Frameworks */ = {
			isa = PBXFrameworksBuildPhase;
			buildActionMask = 2147483647;
			files = (
			);
			runOnlyForDeploymentPostprocessing = 0;
		};
/* End PBXFrameworksBuildPhase section */

/* Begin PBXGroup section */
		9A95D61F1C61BCC700A14DE4 = {
			isa = PBXGroup;
			children = (
				9A95D62A1C61BCC700A14DE4 /* Tienda Mazda */,
				9A95D6291C61BCC700A14DE4 /* Products */,
			);
			sourceTree = "<group>";
		};
		9A95D6291C61BCC700A14DE4 /* Products */ = {
			isa = PBXGroup;
			children = (
				9A95D6281C61BCC700A14DE4 /* Tienda Mazda.app */,
			);
			name = Products;
			sourceTree = "<group>";
		};
		9A95D62A1C61BCC700A14DE4 /* Tienda Mazda */ = {
			isa = PBXGroup;
			children = (
				9A95D62B1C61BCC700A14DE4 /* AppDelegate.swift */,
				9A95D62D1C61BCC700A14DE4 /* tiendaMazda.swift */,
				9A95D62F1C61BCC700A14DE4 /* Main.storyboard */,
				9A95D6321C61BCC700A14DE4 /* Assets.xcassets */,
				9A95D6341C61BCC700A14DE4 /* LaunchScreen.storyboard */,
				9A95D6371C61BCC700A14DE4 /* Info.plist */,
				9A95D63D1C61C2CE00A14DE4 /* moldeMazda3.swift */,
				9A95D63F1C61D11600A14DE4 /* moldeMazda3Mini.swift */,
			);
			path = "Tienda Mazda";
			sourceTree = "<group>";
		};
/* End PBXGroup section */

/* Begin PBXNativeTarget section */
		9A95D6271C61BCC700A14DE4 /* Tienda Mazda */ = {
			isa = PBXNativeTarget;
			buildConfigurationList = 9A95D63A1C61BCC700A14DE4 /* Build configuration list for PBXNativeTarget "Tienda Mazda" */;
			buildPhases = (
				9A95D6241C61BCC700A14DE4 /* Sources */,
				9A95D6251C61BCC700A14DE4 /* Frameworks */,
				9A95D6261C61BCC700A14DE4 /* Resources */,
			);
			buildRules = (
			);
			dependencies = (
			);
			name = "Tienda Mazda";
			productName = "Tienda Mazda";
			productReference = 9A95D6281C61BCC700A14DE4 /* Tienda Mazda.app */;
			productType = "com.apple.product-type.application";
		};
/* End PBXNativeTarget section */

/* Begin PBXProject section */
		9A95D6201C61BCC700A14DE4 /* Project object */ = {
			isa = PBXProject;
			attributes = {
				LastSwiftUpdateCheck = 0720;
				LastUpgradeCheck = 0720;
				ORGANIZATIONNAME = ericklandaverde;
				TargetAttributes = {
					9A95D6271C61BCC700A14DE4 = {
						CreatedOnToolsVersion = 7.2;
						DevelopmentTeam = C33ZF94S75;
					};
				};
			};
			buildConfigurationList = 9A95D6231C61BCC700A14DE4 /* Build configuration list for PBXProject "Tienda Mazda" */;
			compatibilityVersion = "Xcode 3.2";
			developmentRegion = English;
			hasScannedForEncodings = 0;
			knownRegions = (
				en,
				Base,
			);
			mainGroup = 9A95D61F1C61BCC700A14DE4;
			productRefGroup = 9A95D6291C61BCC700A14DE4 /* Products */;
			projectDirPath = "";
			projectRoot = "";
			targets = (
				9A95D6271C61BCC700A14DE4 /* Tienda Mazda */,
			);
		};
/* End PBXProject section */

/* Begin PBXResourcesBuildPhase section */
		9A95D6261C61BCC700A14DE4 /* Resources */ = {
			isa = PBXResourcesBuildPhase;
			buildActionMask = 2147483647;
			files = (
				9A95D6361C61BCC700A14DE4 /* LaunchScreen.storyboard in Resources */,
				9A95D6331C61BCC700A14DE4 /* Assets.xcassets in Resources */,
				9A95D6311C61BCC700A14DE4 /* Main.storyboard in Resources */,
			);
			runOnlyForDeploymentPostprocessing = 0;
		};
/* End PBXResourcesBuildPhase section */

/* Begin PBXSourcesBuildPhase section */
		9A95D6241C61BCC700A14DE4 /* Sources */ = {
			isa = PBXSourcesBuildPhase;
			buildActionMask = 2147483647;
			files = (
				9A95D62E1C61BCC700A14DE4 /* tiendaMazda.swift in Sources */,
				9A95D63E1C61C2CE00A14DE4 /* moldeMazda3.swift in Sources */,
				9A95D6401C61D11600A14DE4 /* moldeMazda3Mini.swift in Sources */,
				9A95D62C1C61BCC700A14DE4 /* AppDelegate.swift in Sources */,
			);
			runOnlyForDeploymentPostprocessing = 0;
		};
/* End PBXSourcesBuildPhase section */

/* Begin PBXVariantGroup section */
		9A95D62F1C61BCC700A14DE4 /* Main.storyboard */ = {
			isa = PBXVariantGroup;
			children = (
				9A95D6301C61BCC700A14DE4 /* Base */,
			);
			name = Main.storyboard;
			sourceTree = "<group>";
		};
		9A95D6341C61BCC700A14DE4 /* LaunchScreen.storyboard */ = {
			isa = PBXVariantGroup;
			children = (
				9A95D6351C61BCC700A14DE4 /* Base */,
			);
			name = LaunchScreen.storyboard;
			sourceTree = "<group>";
		};
/* End PBXVariantGroup section */

/* Begin XCBuildConfiguration section */
		9A95D6381C61BCC700A14DE4 /* Debug */ = {
			isa = XCBuildConfiguration;
			buildSettings = {
				ALWAYS_SEARCH_USER_PATHS = NO;
				CLANG_CXX_LANGUAGE_STANDARD = "gnu++0x";
				CLANG_CXX_LIBRARY = "libc++";
				CLANG_ENABLE_MODULES = YES;
				CLANG_ENABLE_OBJC_ARC = YES;
				CLANG_WARN_BOOL_CONVERSION = YES;
				CLANG_WARN_CONSTANT_CONVERSION = YES;
				CLANG_WARN_DIRECT_OBJC_ISA_USAGE = YES_ERROR;
				CLANG_WARN_EMPTY_BODY = YES;
				CLANG_WARN_ENUM_CONVERSION = YES;
				CLANG_WARN_INT_CONVERSION = YES;
				CLANG_WARN_OBJC_ROOT_CLASS = YES_ERROR;
				CLANG_WARN_UNREACHABLE_CODE = YES;
				CLANG_WARN__DUPLICATE_METHOD_MATCH = YES;
				"CODE_SIGN_IDENTITY[sdk=iphoneos*]" = "iPhone Developer";
				COPY_PHASE_STRIP = NO;
				DEBUG_INFORMATION_FORMAT = dwarf;
				ENABLE_STRICT_OBJC_MSGSEND = YES;
				ENABLE_TESTABILITY = YES;
				GCC_C_LANGUAGE_STANDARD = gnu99;
				GCC_DYNAMIC_NO_PIC = NO;
				GCC_NO_COMMON_BLOCKS = YES;
				GCC_OPTIMIZATION_LEVEL = 0;
				GCC_PREPROCESSOR_DEFINITIONS = (
					"DEBUG=1",
					"$(inherited)",
				);
				GCC_WARN_64_TO_32_BIT_CONVERSION = YES;
				GCC_WARN_ABOUT_RETURN_TYPE = YES_ERROR;
				GCC_WARN_UNDECLARED_SELECTOR = YES;
				GCC_WARN_UNINITIALIZED_AUTOS = YES_AGGRESSIVE;
				GCC_WARN_UNUSED_FUNCTION = YES;
				GCC_WARN_UNUSED_VARIABLE = YES;
				IPHONEOS_DEPLOYMENT_TARGET = 9.2;
				MTL_ENABLE_DEBUG_INFO = YES;
				ONLY_ACTIVE_ARCH = YES;
				SDKROOT = iphoneos;
				SWIFT_OPTIMIZATION_LEVEL = "-Onone";
			};
			name = Debug;
		};
		9A95D6391C61BCC700A14DE4 /* Release */ = {
			isa = XCBuildConfiguration;
			buildSettings = {
				ALWAYS_SEARCH_USER_PATHS = NO;
				CLANG_CXX_LANGUAGE_STANDARD = "gnu++0x";
				CLANG_CXX_LIBRARY = "libc++";
				CLANG_ENABLE_MODULES = YES;
				CLANG_ENABLE_OBJC_ARC = YES;
				CLANG_WARN_BOOL_CONVERSION = YES;
				CLANG_WARN_CONSTANT_CONVERSION = YES;
				CLANG_WARN_DIRECT_OBJC_ISA_USAGE = YES_ERROR;
				CLANG_WARN_EMPTY_BODY = YES;
				CLANG_WARN_ENUM_CONVERSION = YES;
				CLANG_WARN_INT_CONVERSION = YES;
				CLANG_WARN_OBJC_ROOT_CLASS = YES_ERROR;
				CLANG_WARN_UNREACHABLE_CODE = YES;
				CLANG_WARN__DUPLICATE_METHOD_MATCH = YES;
				"CODE_SIGN_IDENTITY[sdk=iphoneos*]" = "iPhone Developer";
				COPY_PHASE_STRIP = NO;
				DEBUG_INFORMATION_FORMAT = "dwarf-with-dsym";
				ENABLE_NS_ASSERTIONS = NO;
				ENABLE_STRICT_OBJC_MSGSEND = YES;
				GCC_C_LANGUAGE_STANDARD = gnu99;
				GCC_NO_COMMON_BLOCKS = YES;
				GCC_WARN_64_TO_32_BIT_CONVERSION = YES;
				GCC_WARN_ABOUT_RETURN_TYPE = YES_ERROR;
				GCC_WARN_UNDECLARED_SELECTOR = YES;
				GCC_WARN_UNINITIALIZED_AUTOS = YES_AGGRESSIVE;
				GCC_WARN_UNUSED_FUNCTION = YES;
				GCC_WARN_UNUSED_VARIABLE = YES;
				IPHONEOS_DEPLOYMENT_TARGET = 9.2;
				MTL_ENABLE_DEBUG_INFO = NO;
				SDKROOT = iphoneos;
				VALIDATE_PRODUCT = YES;
			};
			name = Release;
		};
		9A95D63B1C61BCC700A14DE4 /* Debug */ = {
			isa = XCBuildConfiguration;
			buildSettings = {
				ASSETCATALOG_COMPILER_APPICON_NAME = AppIcon;
				INFOPLIST_FILE = "Tienda Mazda/Info.plist";
				LD_RUNPATH_SEARCH_PATHS = "$(inherited) @executable_path/Frameworks";
				PRODUCT_BUNDLE_IDENTIFIER = "com.magicRoom.Tienda-Mazda";
				PRODUCT_NAME = "$(TARGET_NAME)";
			};
			name = Debug;
		};
		9A95D63C1C61BCC700A14DE4 /* Release */ = {
			isa = XCBuildConfiguration;
			buildSettings = {
				ASSETCATALOG_COMPILER_APPICON_NAME = AppIcon;
				INFOPLIST_FILE = "Tienda Mazda/Info.plist";
				LD_RUNPATH_SEARCH_PATHS = "$(inherited) @executable_path/Frameworks";
				PRODUCT_BUNDLE_IDENTIFIER = "com.magicRoom.Tienda-Mazda";
				PRODUCT_NAME = "$(TARGET_NAME)";
			};
			name = Release;
		};
/* End XCBuildConfiguration section */

/* Begin XCConfigurationList section */
		9A95D6231C61BCC700A14DE4 /* Build configuration list for PBXProject "Tienda Mazda" */ = {
			isa = XCConfigurationList;
			buildConfigurations = (
				9A95D6381C61BCC700A14DE4 /* Debug */,
				9A95D6391C61BCC700A14DE4 /* Release */,
			);
			defaultConfigurationIsVisible = 0;
			defaultConfigurationName = Release;
		};
		9A95D63A1C61BCC700A14DE4 /* Build configuration list for PBXNativeTarget "Tienda Mazda" */ = {
			isa = XCConfigurationList;
			buildConfigurations = (
				9A95D63B1C61BCC700A14DE4 /* Debug */,
				9A95D63C1C61BCC700A14DE4 /* Release */,
			);
			defaultConfigurationIsVisible = 0;
			defaultConfigurationName = Release;
		};
/* End XCConfigurationList section */
	};
	rootObject = 9A95D6201C61BCC700A14DE4 /* Project object */;
}
