// !$*UTF8*$!
{
	archiveVersion = 1;
	classes = {
	};
	objectVersion = 46;
	objects = {

/* Begin PBXBuildFile section */
		9A89FDB11C61D98D000C7249 /* AppDelegate.swift in Sources */ = {isa = PBXBuildFile; fileRef = 9A89FDB01C61D98D000C7249 /* AppDelegate.swift */; };
		9A89FDB31C61D98D000C7249 /* ViewController.swift in Sources */ = {isa = PBXBuildFile; fileRef = 9A89FDB21C61D98D000C7249 /* ViewController.swift */; };
		9A89FDB61C61D98D000C7249 /* Main.storyboard in Resources */ = {isa = PBXBuildFile; fileRef = 9A89FDB41C61D98D000C7249 /* Main.storyboard */; };
		9A89FDB81C61D98D000C7249 /* Assets.xcassets in Resources */ = {isa = PBXBuildFile; fileRef = 9A89FDB71C61D98D000C7249 /* Assets.xcassets */; };
		9A89FDBB1C61D98D000C7249 /* LaunchScreen.storyboard in Resources */ = {isa = PBXBuildFile; fileRef = 9A89FDB91C61D98D000C7249 /* LaunchScreen.storyboard */; };
/* End PBXBuildFile section */

/* Begin PBXFileReference section */
		9A89FDAD1C61D98D000C7249 /* holaMundo.app */ = {isa = PBXFileReference; explicitFileType = wrapper.application; includeInIndex = 0; path = holaMundo.app; sourceTree = BUILT_PRODUCTS_DIR; };
		9A89FDB01C61D98D000C7249 /* AppDelegate.swift */ = {isa = PBXFileReference; lastKnownFileType = sourcecode.swift; path = AppDelegate.swift; sourceTree = "<group>"; };
		9A89FDB21C61D98D000C7249 /* ViewController.swift */ = {isa = PBXFileReference; lastKnownFileType = sourcecode.swift; path = ViewController.swift; sourceTree = "<group>"; };
		9A89FDB51C61D98D000C7249 /* Base */ = {isa = PBXFileReference; lastKnownFileType = file.storyboard; name = Base; path = Base.lproj/Main.storyboard; sourceTree = "<group>"; };
		9A89FDB71C61D98D000C7249 /* Assets.xcassets */ = {isa = PBXFileReference; lastKnownFileType = folder.assetcatalog; path = Assets.xcassets; sourceTree = "<group>"; };
		9A89FDBA1C61D98D000C7249 /* Base */ = {isa = PBXFileReference; lastKnownFileType = file.storyboard; name = Base; path = Base.lproj/LaunchScreen.storyboard; sourceTree = "<group>"; };
		9A89FDBC1C61D98D000C7249 /* Info.plist */ = {isa = PBXFileReference; lastKnownFileType = text.plist.xml; path = Info.plist; sourceTree = "<group>"; };
/* End PBXFileReference section */

/* Begin PBXFrameworksBuildPhase section */
		9A89FDAA1C61D98D000C7249 /* Frameworks */ = {
			isa = PBXFrameworksBuildPhase;
			buildActionMask = 2147483647;
			files = (
			);
			runOnlyForDeploymentPostprocessing = 0;
		};
/* End PBXFrameworksBuildPhase section */

/* Begin PBXGroup section */
		9A89FDA41C61D98D000C7249 = {
			isa = PBXGroup;
			children = (
				9A89FDAF1C61D98D000C7249 /* holaMundo */,
				9A89FDAE1C61D98D000C7249 /* Products */,
			);
			sourceTree = "<group>";
		};
		9A89FDAE1C61D98D000C7249 /* Products */ = {
			isa = PBXGroup;
			children = (
				9A89FDAD1C61D98D000C7249 /* holaMundo.app */,
			);
			name = Products;
			sourceTree = "<group>";
		};
		9A89FDAF1C61D98D000C7249 /* holaMundo */ = {
			isa = PBXGroup;
			children = (
				9A89FDB01C61D98D000C7249 /* AppDelegate.swift */,
				9A89FDB21C61D98D000C7249 /* ViewController.swift */,
				9A89FDB41C61D98D000C7249 /* Main.storyboard */,
				9A89FDB71C61D98D000C7249 /* Assets.xcassets */,
				9A89FDB91C61D98D000C7249 /* LaunchScreen.storyboard */,
				9A89FDBC1C61D98D000C7249 /* Info.plist */,
			);
			path = holaMundo;
			sourceTree = "<group>";
		};
/* End PBXGroup section */

/* Begin PBXNativeTarget section */
		9A89FDAC1C61D98D000C7249 /* holaMundo */ = {
			isa = PBXNativeTarget;
			buildConfigurationList = 9A89FDBF1C61D98D000C7249 /* Build configuration list for PBXNativeTarget "holaMundo" */;
			buildPhases = (
				9A89FDA91C61D98D000C7249 /* Sources */,
				9A89FDAA1C61D98D000C7249 /* Frameworks */,
				9A89FDAB1C61D98D000C7249 /* Resources */,
			);
			buildRules = (
			);
			dependencies = (
			);
			name = holaMundo;
			productName = holaMundo;
			productReference = 9A89FDAD1C61D98D000C7249 /* holaMundo.app */;
			productType = "com.apple.product-type.application";
		};
/* End PBXNativeTarget section */

/* Begin PBXProject section */
		9A89FDA51C61D98D000C7249 /* Project object */ = {
			isa = PBXProject;
			attributes = {
				LastSwiftUpdateCheck = 0720;
				LastUpgradeCheck = 0720;
				ORGANIZATIONNAME = ericklandaverde;
				TargetAttributes = {
					9A89FDAC1C61D98D000C7249 = {
						CreatedOnToolsVersion = 7.2;
						DevelopmentTeam = C33ZF94S75;
					};
				};
			};
			buildConfigurationList = 9A89FDA81C61D98D000C7249 /* Build configuration list for PBXProject "holaMundo" */;
			compatibilityVersion = "Xcode 3.2";
			developmentRegion = English;
			hasScannedForEncodings = 0;
			knownRegions = (
				en,
				Base,
			);
			mainGroup = 9A89FDA41C61D98D000C7249;
			productRefGroup = 9A89FDAE1C61D98D000C7249 /* Products */;
			projectDirPath = "";
			projectRoot = "";
			targets = (
				9A89FDAC1C61D98D000C7249 /* holaMundo */,
			);
		};
/* End PBXProject section */

/* Begin PBXResourcesBuildPhase section */
		9A89FDAB1C61D98D000C7249 /* Resources */ = {
			isa = PBXResourcesBuildPhase;
			buildActionMask = 2147483647;
			files = (
				9A89FDBB1C61D98D000C7249 /* LaunchScreen.storyboard in Resources */,
				9A89FDB81C61D98D000C7249 /* Assets.xcassets in Resources */,
				9A89FDB61C61D98D000C7249 /* Main.storyboard in Resources */,
			);
			runOnlyForDeploymentPostprocessing = 0;
		};
/* End PBXResourcesBuildPhase section */

/* Begin PBXSourcesBuildPhase section */
		9A89FDA91C61D98D000C7249 /* Sources */ = {
			isa = PBXSourcesBuildPhase;
			buildActionMask = 2147483647;
			files = (
				9A89FDB31C61D98D000C7249 /* ViewController.swift in Sources */,
				9A89FDB11C61D98D000C7249 /* AppDelegate.swift in Sources */,
			);
			runOnlyForDeploymentPostprocessing = 0;
		};
/* End PBXSourcesBuildPhase section */

/* Begin PBXVariantGroup section */
		9A89FDB41C61D98D000C7249 /* Main.storyboard */ = {
			isa = PBXVariantGroup;
			children = (
				9A89FDB51C61D98D000C7249 /* Base */,
			);
			name = Main.storyboard;
			sourceTree = "<group>";
		};
		9A89FDB91C61D98D000C7249 /* LaunchScreen.storyboard */ = {
			isa = PBXVariantGroup;
			children = (
				9A89FDBA1C61D98D000C7249 /* Base */,
			);
			name = LaunchScreen.storyboard;
			sourceTree = "<group>";
		};
/* End PBXVariantGroup section */

/* Begin XCBuildConfiguration section */
		9A89FDBD1C61D98D000C7249 /* Debug */ = {
			isa = XCBuildConfiguration;
			buildSettings = {
				ALWAYS_SEARCH_USER_PATHS = NO;
				CLANG_CXX_LANGUAGE_STANDARD = "gnu++0x";
				CLANG_CXX_LIBRARY = "libc++";
				CLANG_ENABLE_MODULES = YES;
				CLANG_ENABLE_OBJC_ARC = YES;
				CLANG_WARN_BOOL_CONVERSION = YES;
				CLANG_WARN_CONSTANT_CONVERSION = YES;
				CLANG_WARN_DIRECT_OBJC_ISA_USAGE = YES_ERROR;
				CLANG_WARN_EMPTY_BODY = YES;
				CLANG_WARN_ENUM_CONVERSION = YES;
				CLANG_WARN_INT_CONVERSION = YES;
				CLANG_WARN_OBJC_ROOT_CLASS = YES_ERROR;
				CLANG_WARN_UNREACHABLE_CODE = YES;
				CLANG_WARN__DUPLICATE_METHOD_MATCH = YES;
				"CODE_SIGN_IDENTITY[sdk=iphoneos*]" = "iPhone Developer";
				COPY_PHASE_STRIP = NO;
				DEBUG_INFORMATION_FORMAT = dwarf;
				ENABLE_STRICT_OBJC_MSGSEND = YES;
				ENABLE_TESTABILITY = YES;
				GCC_C_LANGUAGE_STANDARD = gnu99;
				GCC_DYNAMIC_NO_PIC = NO;
				GCC_NO_COMMON_BLOCKS = YES;
				GCC_OPTIMIZATION_LEVEL = 0;
				GCC_PREPROCESSOR_DEFINITIONS = (
					"DEBUG=1",
					"$(inherited)",
				);
				GCC_WARN_64_TO_32_BIT_CONVERSION = YES;
				GCC_WARN_ABOUT_RETURN_TYPE = YES_ERROR;
				GCC_WARN_UNDECLARED_SELECTOR = YES;
				GCC_WARN_UNINITIALIZED_AUTOS = YES_AGGRESSIVE;
				GCC_WARN_UNUSED_FUNCTION = YES;
				GCC_WARN_UNUSED_VARIABLE = YES;
				IPHONEOS_DEPLOYMENT_TARGET = 9.2;
				MTL_ENABLE_DEBUG_INFO = YES;
				ONLY_ACTIVE_ARCH = YES;
				SDKROOT = iphoneos;
				SWIFT_OPTIMIZATION_LEVEL = "-Onone";
			};
			name = Debug;
		};
		9A89FDBE1C61D98D000C7249 /* Release */ = {
			isa = XCBuildConfiguration;
			buildSettings = {
				ALWAYS_SEARCH_USER_PATHS = NO;
				CLANG_CXX_LANGUAGE_STANDARD = "gnu++0x";
				CLANG_CXX_LIBRARY = "libc++";
				CLANG_ENABLE_MODULES = YES;
				CLANG_ENABLE_OBJC_ARC = YES;
				CLANG_WARN_BOOL_CONVERSION = YES;
				CLANG_WARN_CONSTANT_CONVERSION = YES;
				CLANG_WARN_DIRECT_OBJC_ISA_USAGE = YES_ERROR;
				CLANG_WARN_EMPTY_BODY = YES;
				CLANG_WARN_ENUM_CONVERSION = YES;
				CLANG_WARN_INT_CONVERSION = YES;
				CLANG_WARN_OBJC_ROOT_CLASS = YES_ERROR;
				CLANG_WARN_UNREACHABLE_CODE = YES;
				CLANG_WARN__DUPLICATE_METHOD_MATCH = YES;
				"CODE_SIGN_IDENTITY[sdk=iphoneos*]" = "iPhone Developer";
				COPY_PHASE_STRIP = NO;
				DEBUG_INFORMATION_FORMAT = "dwarf-with-dsym";
				ENABLE_NS_ASSERTIONS = NO;
				ENABLE_STRICT_OBJC_MSGSEND = YES;
				GCC_C_LANGUAGE_STANDARD = gnu99;
				GCC_NO_COMMON_BLOCKS = YES;
				GCC_WARN_64_TO_32_BIT_CONVERSION = YES;
				GCC_WARN_ABOUT_RETURN_TYPE = YES_ERROR;
				GCC_WARN_UNDECLARED_SELECTOR = YES;
				GCC_WARN_UNINITIALIZED_AUTOS = YES_AGGRESSIVE;
				GCC_WARN_UNUSED_FUNCTION = YES;
				GCC_WARN_UNUSED_VARIABLE = YES;
				IPHONEOS_DEPLOYMENT_TARGET = 9.2;
				MTL_ENABLE_DEBUG_INFO = NO;
				SDKROOT = iphoneos;
				VALIDATE_PRODUCT = YES;
			};
			name = Release;
		};
		9A89FDC01C61D98D000C7249 /* Debug */ = {
			isa = XCBuildConfiguration;
			buildSettings = {
				ASSETCATALOG_COMPILER_APPICON_NAME = AppIcon;
				INFOPLIST_FILE = holaMundo/Info.plist;
				LD_RUNPATH_SEARCH_PATHS = "$(inherited) @executable_path/Frameworks";
				PRODUCT_BUNDLE_IDENTIFIER = com.magicRoom.holaMundo;
				PRODUCT_NAME = "$(TARGET_NAME)";
				TARGETED_DEVICE_FAMILY = 2;
			};
			name = Debug;
		};
		9A89FDC11C61D98D000C7249 /* Release */ = {
			isa = XCBuildConfiguration;
			buildSettings = {
				ASSETCATALOG_COMPILER_APPICON_NAME = AppIcon;
				INFOPLIST_FILE = holaMundo/Info.plist;
				LD_RUNPATH_SEARCH_PATHS = "$(inherited) @executable_path/Frameworks";
				PRODUCT_BUNDLE_IDENTIFIER = com.magicRoom.holaMundo;
				PRODUCT_NAME = "$(TARGET_NAME)";
				TARGETED_DEVICE_FAMILY = 2;
			};
			name = Release;
		};
/* End XCBuildConfiguration section */

/* Begin XCConfigurationList section */
		9A89FDA81C61D98D000C7249 /* Build configuration list for PBXProject "holaMundo" */ = {
			isa = XCConfigurationList;
			buildConfigurations = (
				9A89FDBD1C61D98D000C7249 /* Debug */,
				9A89FDBE1C61D98D000C7249 /* Release */,
			);
			defaultConfigurationIsVisible = 0;
			defaultConfigurationName = Release;
		};
		9A89FDBF1C61D98D000C7249 /* Build configuration list for PBXNativeTarget "holaMundo" */ = {
			isa = XCConfigurationList;
			buildConfigurations = (
				9A89FDC01C61D98D000C7249 /* Debug */,
				9A89FDC11C61D98D000C7249 /* Release */,
			);
			defaultConfigurationIsVisible = 0;
		};
/* End XCConfigurationList section */
	};
	rootObject = 9A89FDA51C61D98D000C7249 /* Project object */;
}
